// !$*UTF8*$!
{
	archiveVersion = 1;
	classes = {
	};
	objectVersion = 46;
	objects = {

/* Begin PBXBuildFile section */
		0401B27F2918AA31F0804A49 /* Pods_pokedex.framework in Frameworks */ = {isa = PBXBuildFile; fileRef = CC241189836F6FEB837A96F5 /* Pods_pokedex.framework */; };
		123560341DC6B26500C79F4A /* Pokemon.ttf in Resources */ = {isa = PBXBuildFile; fileRef = 123560331DC6B26500C79F4A /* Pokemon.ttf */; };
		1244F4A01DE5BDCC00C762B7 /* pokemon.csv in Resources */ = {isa = PBXBuildFile; fileRef = 1244F49F1DE5BDCC00C762B7 /* pokemon.csv */; };
		1245D5FC1DC6B6BC002321F6 /* music.mp3 in Resources */ = {isa = PBXBuildFile; fileRef = 1245D5FB1DC6B6BC002321F6 /* music.mp3 */; };
		124AA9E11DC4D6150041B358 /* Pokemon.swift in Sources */ = {isa = PBXBuildFile; fileRef = 124AA9E01DC4D6150041B358 /* Pokemon.swift */; };
		1292CECA1DC772AF00695C1F /* PokemonDetailVC.swift in Sources */ = {isa = PBXBuildFile; fileRef = 1292CEC91DC772AF00695C1F /* PokemonDetailVC.swift */; };
		129E76E81DC58A26009B57CD /* PokeCell.swift in Sources */ = {isa = PBXBuildFile; fileRef = 129E76E71DC58A26009B57CD /* PokeCell.swift */; };
		129E76EA1DC590CD009B57CD /* csv.swift in Sources */ = {isa = PBXBuildFile; fileRef = 129E76E91DC590CD009B57CD /* csv.swift */; };
		12DCA38A1DC6B593003BA920 /* back.png in Resources */ = {isa = PBXBuildFile; fileRef = 12DCA3881DC6B593003BA920 /* back.png */; };
		12DCA38B1DC6B593003BA920 /* music.png in Resources */ = {isa = PBXBuildFile; fileRef = 12DCA3891DC6B593003BA920 /* music.png */; };
		12E5F2F11DCA7EDF006F44C8 /* Constants.swift in Sources */ = {isa = PBXBuildFile; fileRef = 12E5F2F01DCA7EDF006F44C8 /* Constants.swift */; };
		12EADF9B1DC3A9CC00183A69 /* AppDelegate.swift in Sources */ = {isa = PBXBuildFile; fileRef = 12EADF9A1DC3A9CC00183A69 /* AppDelegate.swift */; };
		12EADF9D1DC3A9CC00183A69 /* ViewController.swift in Sources */ = {isa = PBXBuildFile; fileRef = 12EADF9C1DC3A9CC00183A69 /* ViewController.swift */; };
		12EADFA01DC3A9CC00183A69 /* Main.storyboard in Resources */ = {isa = PBXBuildFile; fileRef = 12EADF9E1DC3A9CC00183A69 /* Main.storyboard */; };
		12EADFA21DC3A9CC00183A69 /* Assets.xcassets in Resources */ = {isa = PBXBuildFile; fileRef = 12EADFA11DC3A9CC00183A69 /* Assets.xcassets */; };
		12EADFA51DC3A9CC00183A69 /* LaunchScreen.storyboard in Resources */ = {isa = PBXBuildFile; fileRef = 12EADFA31DC3A9CC00183A69 /* LaunchScreen.storyboard */; };
/* End PBXBuildFile section */

/* Begin PBXFileReference section */
		123560331DC6B26500C79F4A /* Pokemon.ttf */ = {isa = PBXFileReference; lastKnownFileType = file; path = Pokemon.ttf; sourceTree = "<group>"; };
		1244F49F1DE5BDCC00C762B7 /* pokemon.csv */ = {isa = PBXFileReference; fileEncoding = 4; lastKnownFileType = text; path = pokemon.csv; sourceTree = "<group>"; };
		1245D5FB1DC6B6BC002321F6 /* music.mp3 */ = {isa = PBXFileReference; lastKnownFileType = audio.mp3; path = music.mp3; sourceTree = "<group>"; };
		124AA9E01DC4D6150041B358 /* Pokemon.swift */ = {isa = PBXFileReference; fileEncoding = 4; lastKnownFileType = sourcecode.swift; path = Pokemon.swift; sourceTree = "<group>"; };
		1292CEC91DC772AF00695C1F /* PokemonDetailVC.swift */ = {isa = PBXFileReference; fileEncoding = 4; lastKnownFileType = sourcecode.swift; path = PokemonDetailVC.swift; sourceTree = "<group>"; };
		129E76E71DC58A26009B57CD /* PokeCell.swift */ = {isa = PBXFileReference; fileEncoding = 4; lastKnownFileType = sourcecode.swift; path = PokeCell.swift; sourceTree = "<group>"; };
		129E76E91DC590CD009B57CD /* csv.swift */ = {isa = PBXFileReference; fileEncoding = 4; lastKnownFileType = sourcecode.swift; name = csv.swift; path = "../../../../Downloads/csvswift-master/csv.swift"; sourceTree = "<group>"; };
		12DCA3881DC6B593003BA920 /* back.png */ = {isa = PBXFileReference; lastKnownFileType = image.png; path = back.png; sourceTree = "<group>"; };
		12DCA3891DC6B593003BA920 /* music.png */ = {isa = PBXFileReference; lastKnownFileType = image.png; path = music.png; sourceTree = "<group>"; };
		12E5F2F01DCA7EDF006F44C8 /* Constants.swift */ = {isa = PBXFileReference; fileEncoding = 4; lastKnownFileType = sourcecode.swift; path = Constants.swift; sourceTree = "<group>"; };
		12EADF971DC3A9CC00183A69 /* pokedex.app */ = {isa = PBXFileReference; explicitFileType = wrapper.application; includeInIndex = 0; path = pokedex.app; sourceTree = BUILT_PRODUCTS_DIR; };
		12EADF9A1DC3A9CC00183A69 /* AppDelegate.swift */ = {isa = PBXFileReference; lastKnownFileType = sourcecode.swift; path = AppDelegate.swift; sourceTree = "<group>"; };
		12EADF9C1DC3A9CC00183A69 /* ViewController.swift */ = {isa = PBXFileReference; lastKnownFileType = sourcecode.swift; path = ViewController.swift; sourceTree = "<group>"; };
		12EADF9F1DC3A9CC00183A69 /* Base */ = {isa = PBXFileReference; lastKnownFileType = file.storyboard; name = Base; path = Base.lproj/Main.storyboard; sourceTree = "<group>"; };
		12EADFA11DC3A9CC00183A69 /* Assets.xcassets */ = {isa = PBXFileReference; lastKnownFileType = folder.assetcatalog; path = Assets.xcassets; sourceTree = "<group>"; };
		12EADFA41DC3A9CC00183A69 /* Base */ = {isa = PBXFileReference; lastKnownFileType = file.storyboard; name = Base; path = Base.lproj/LaunchScreen.storyboard; sourceTree = "<group>"; };
		12EADFA61DC3A9CC00183A69 /* Info.plist */ = {isa = PBXFileReference; lastKnownFileType = text.plist.xml; path = Info.plist; sourceTree = "<group>"; };
		A653F505B4F98DCECC42360C /* Pods-pokedex.release.xcconfig */ = {isa = PBXFileReference; includeInIndex = 1; lastKnownFileType = text.xcconfig; name = "Pods-pokedex.release.xcconfig"; path = "Pods/Target Support Files/Pods-pokedex/Pods-pokedex.release.xcconfig"; sourceTree = "<group>"; };
		CC241189836F6FEB837A96F5 /* Pods_pokedex.framework */ = {isa = PBXFileReference; explicitFileType = wrapper.framework; includeInIndex = 0; path = Pods_pokedex.framework; sourceTree = BUILT_PRODUCTS_DIR; };
		DD50AFE91C3D08BB6B251B55 /* Pods-pokedex.debug.xcconfig */ = {isa = PBXFileReference; includeInIndex = 1; lastKnownFileType = text.xcconfig; name = "Pods-pokedex.debug.xcconfig"; path = "Pods/Target Support Files/Pods-pokedex/Pods-pokedex.debug.xcconfig"; sourceTree = "<group>"; };
/* End PBXFileReference section */

/* Begin PBXFrameworksBuildPhase section */
		12EADF941DC3A9CC00183A69 /* Frameworks */ = {
			isa = PBXFrameworksBuildPhase;
			buildActionMask = 2147483647;
			files = (
				0401B27F2918AA31F0804A49 /* Pods_pokedex.framework in Frameworks */,
			);
			runOnlyForDeploymentPostprocessing = 0;
		};
/* End PBXFrameworksBuildPhase section */

/* Begin PBXGroup section */
		05028731502E7FACC3DABF15 /* Pods */ = {
			isa = PBXGroup;
			children = (
				DD50AFE91C3D08BB6B251B55 /* Pods-pokedex.debug.xcconfig */,
				A653F505B4F98DCECC42360C /* Pods-pokedex.release.xcconfig */,
			);
			name = Pods;
			sourceTree = "<group>";
		};
		123560351DC6B2F500C79F4A /* Controller */ = {
			isa = PBXGroup;
			children = (
				12EADF9C1DC3A9CC00183A69 /* ViewController.swift */,
				1292CEC91DC772AF00695C1F /* PokemonDetailVC.swift */,
			);
			name = Controller;
			sourceTree = "<group>";
		};
		123560361DC6B30F00C79F4A /* Util */ = {
			isa = PBXGroup;
			children = (
				129E76E91DC590CD009B57CD /* csv.swift */,
				12E5F2F01DCA7EDF006F44C8 /* Constants.swift */,
			);
			name = Util;
			sourceTree = "<group>";
		};
		123560371DC6B31A00C79F4A /* Resources */ = {
			isa = PBXGroup;
			children = (
				123560331DC6B26500C79F4A /* Pokemon.ttf */,
				1245D5FB1DC6B6BC002321F6 /* music.mp3 */,
				12DCA3881DC6B593003BA920 /* back.png */,
				12DCA3891DC6B593003BA920 /* music.png */,
				1244F49F1DE5BDCC00C762B7 /* pokemon.csv */,
			);
			name = Resources;
			sourceTree = "<group>";
		};
		124AA9DF1DC4D6070041B358 /* Model */ = {
			isa = PBXGroup;
			children = (
				124AA9E01DC4D6150041B358 /* Pokemon.swift */,
			);
			name = Model;
			sourceTree = "<group>";
		};
		129E76E61DC589F1009B57CD /* View */ = {
			isa = PBXGroup;
			children = (
				129E76E71DC58A26009B57CD /* PokeCell.swift */,
			);
			name = View;
			sourceTree = "<group>";
		};
		12EADF8E1DC3A9CC00183A69 = {
			isa = PBXGroup;
			children = (
				12EADF991DC3A9CC00183A69 /* pokedex */,
				12EADF981DC3A9CC00183A69 /* Products */,
				05028731502E7FACC3DABF15 /* Pods */,
				F773635BEF51E416734B60CE /* Frameworks */,
			);
			sourceTree = "<group>";
		};
		12EADF981DC3A9CC00183A69 /* Products */ = {
			isa = PBXGroup;
			children = (
				12EADF971DC3A9CC00183A69 /* pokedex.app */,
			);
			name = Products;
			sourceTree = "<group>";
		};
		12EADF991DC3A9CC00183A69 /* pokedex */ = {
			isa = PBXGroup;
			children = (
				124AA9DF1DC4D6070041B358 /* Model */,
				129E76E61DC589F1009B57CD /* View */,
				123560351DC6B2F500C79F4A /* Controller */,
				123560371DC6B31A00C79F4A /* Resources */,
				123560361DC6B30F00C79F4A /* Util */,
				12EADF9A1DC3A9CC00183A69 /* AppDelegate.swift */,
				12EADF9E1DC3A9CC00183A69 /* Main.storyboard */,
				12EADFA11DC3A9CC00183A69 /* Assets.xcassets */,
				12EADFA31DC3A9CC00183A69 /* LaunchScreen.storyboard */,
				12EADFA61DC3A9CC00183A69 /* Info.plist */,
			);
			path = pokedex;
			sourceTree = "<group>";
		};
		F773635BEF51E416734B60CE /* Frameworks */ = {
			isa = PBXGroup;
			children = (
				CC241189836F6FEB837A96F5 /* Pods_pokedex.framework */,
			);
			name = Frameworks;
			sourceTree = "<group>";
		};
/* End PBXGroup section */

/* Begin PBXNativeTarget section */
		12EADF961DC3A9CC00183A69 /* pokedex */ = {
			isa = PBXNativeTarget;
			buildConfigurationList = 12EADFA91DC3A9CC00183A69 /* Build configuration list for PBXNativeTarget "pokedex" */;
			buildPhases = (
				0B24823872A048127BFB0B64 /* [CP] Check Pods Manifest.lock */,
				12EADF931DC3A9CC00183A69 /* Sources */,
				12EADF941DC3A9CC00183A69 /* Frameworks */,
				12EADF951DC3A9CC00183A69 /* Resources */,
				A44DB8DC297399C82CDA19C9 /* [CP] Embed Pods Frameworks */,
				25CF49C42E7034798BB0536C /* [CP] Copy Pods Resources */,
			);
			buildRules = (
			);
			dependencies = (
			);
			name = pokedex;
			productName = pokedex;
			productReference = 12EADF971DC3A9CC00183A69 /* pokedex.app */;
			productType = "com.apple.product-type.application";
		};
/* End PBXNativeTarget section */

/* Begin PBXProject section */
		12EADF8F1DC3A9CC00183A69 /* Project object */ = {
			isa = PBXProject;
			attributes = {
				LastSwiftUpdateCheck = 0800;
				LastUpgradeCheck = 0820;
				ORGANIZATIONNAME = brunnogoncalves;
				TargetAttributes = {
					12EADF961DC3A9CC00183A69 = {
						CreatedOnToolsVersion = 8.0;
						DevelopmentTeam = 54DAHYNVB6;
						LastSwiftMigration = 0800;
						ProvisioningStyle = Automatic;
					};
				};
			};
			buildConfigurationList = 12EADF921DC3A9CC00183A69 /* Build configuration list for PBXProject "pokedex" */;
			compatibilityVersion = "Xcode 3.2";
			developmentRegion = English;
			hasScannedForEncodings = 0;
			knownRegions = (
				en,
				Base,
			);
			mainGroup = 12EADF8E1DC3A9CC00183A69;
			productRefGroup = 12EADF981DC3A9CC00183A69 /* Products */;
			projectDirPath = "";
			projectRoot = "";
			targets = (
				12EADF961DC3A9CC00183A69 /* pokedex */,
			);
		};
/* End PBXProject section */

/* Begin PBXResourcesBuildPhase section */
		12EADF951DC3A9CC00183A69 /* Resources */ = {
			isa = PBXResourcesBuildPhase;
			buildActionMask = 2147483647;
			files = (
				1245D5FC1DC6B6BC002321F6 /* music.mp3 in Resources */,
				123560341DC6B26500C79F4A /* Pokemon.ttf in Resources */,
				12DCA38B1DC6B593003BA920 /* music.png in Resources */,
				12EADFA51DC3A9CC00183A69 /* LaunchScreen.storyboard in Resources */,
				12DCA38A1DC6B593003BA920 /* back.png in Resources */,
				12EADFA21DC3A9CC00183A69 /* Assets.xcassets in Resources */,
				1244F4A01DE5BDCC00C762B7 /* pokemon.csv in Resources */,
				12EADFA01DC3A9CC00183A69 /* Main.storyboard in Resources */,
			);
			runOnlyForDeploymentPostprocessing = 0;
		};
/* End PBXResourcesBuildPhase section */

/* Begin PBXShellScriptBuildPhase section */
		0B24823872A048127BFB0B64 /* [CP] Check Pods Manifest.lock */ = {
			isa = PBXShellScriptBuildPhase;
			buildActionMask = 2147483647;
			files = (
			);
			inputPaths = (
			);
			name = "[CP] Check Pods Manifest.lock";
			outputPaths = (
			);
			runOnlyForDeploymentPostprocessing = 0;
			shellPath = /bin/sh;
			shellScript = "diff \"${PODS_ROOT}/../Podfile.lock\" \"${PODS_ROOT}/Manifest.lock\" > /dev/null\nif [ $? != 0 ] ; then\n    # print error to STDERR\n    echo \"error: The sandbox is not in sync with the Podfile.lock. Run 'pod install' or update your CocoaPods installation.\" >&2\n    exit 1\nfi\n";
			showEnvVarsInLog = 0;
		};
		25CF49C42E7034798BB0536C /* [CP] Copy Pods Resources */ = {
			isa = PBXShellScriptBuildPhase;
			buildActionMask = 2147483647;
			files = (
			);
			inputPaths = (
			);
			name = "[CP] Copy Pods Resources";
			outputPaths = (
			);
			runOnlyForDeploymentPostprocessing = 0;
			shellPath = /bin/sh;
			shellScript = "\"${SRCROOT}/Pods/Target Support Files/Pods-pokedex/Pods-pokedex-resources.sh\"\n";
			showEnvVarsInLog = 0;
		};
		A44DB8DC297399C82CDA19C9 /* [CP] Embed Pods Frameworks */ = {
			isa = PBXShellScriptBuildPhase;
			buildActionMask = 2147483647;
			files = (
			);
			inputPaths = (
			);
			name = "[CP] Embed Pods Frameworks";
			outputPaths = (
			);
			runOnlyForDeploymentPostprocessing = 0;
			shellPath = /bin/sh;
			shellScript = "\"${SRCROOT}/Pods/Target Support Files/Pods-pokedex/Pods-pokedex-frameworks.sh\"\n";
			showEnvVarsInLog = 0;
		};
/* End PBXShellScriptBuildPhase section */

/* Begin PBXSourcesBuildPhase section */
		12EADF931DC3A9CC00183A69 /* Sources */ = {
			isa = PBXSourcesBuildPhase;
			buildActionMask = 2147483647;
			files = (
				129E76E81DC58A26009B57CD /* PokeCell.swift in Sources */,
				124AA9E11DC4D6150041B358 /* Pokemon.swift in Sources */,
				12EADF9D1DC3A9CC00183A69 /* ViewController.swift in Sources */,
				1292CECA1DC772AF00695C1F /* PokemonDetailVC.swift in Sources */,
				12E5F2F11DCA7EDF006F44C8 /* Constants.swift in Sources */,
				12EADF9B1DC3A9CC00183A69 /* AppDelegate.swift in Sources */,
				129E76EA1DC590CD009B57CD /* csv.swift in Sources */,
			);
			runOnlyForDeploymentPostprocessing = 0;
		};
/* End PBXSourcesBuildPhase section */

/* Begin PBXVariantGroup section */
		12EADF9E1DC3A9CC00183A69 /* Main.storyboard */ = {
			isa = PBXVariantGroup;
			children = (
				12EADF9F1DC3A9CC00183A69 /* Base */,
			);
			name = Main.storyboard;
			sourceTree = "<group>";
		};
		12EADFA31DC3A9CC00183A69 /* LaunchScreen.storyboard */ = {
			isa = PBXVariantGroup;
			children = (
				12EADFA41DC3A9CC00183A69 /* Base */,
			);
			name = LaunchScreen.storyboard;
			sourceTree = "<group>";
		};
/* End PBXVariantGroup section */

/* Begin XCBuildConfiguration section */
		12EADFA71DC3A9CC00183A69 /* Debug */ = {
			isa = XCBuildConfiguration;
			buildSettings = {
				ALWAYS_SEARCH_USER_PATHS = NO;
				CLANG_ANALYZER_NONNULL = YES;
				CLANG_CXX_LANGUAGE_STANDARD = "gnu++0x";
				CLANG_CXX_LIBRARY = "libc++";
				CLANG_ENABLE_MODULES = YES;
				CLANG_ENABLE_OBJC_ARC = YES;
				CLANG_WARN_BOOL_CONVERSION = YES;
				CLANG_WARN_CONSTANT_CONVERSION = YES;
				CLANG_WARN_DIRECT_OBJC_ISA_USAGE = YES_ERROR;
				CLANG_WARN_DOCUMENTATION_COMMENTS = YES;
				CLANG_WARN_EMPTY_BODY = YES;
				CLANG_WARN_ENUM_CONVERSION = YES;
				CLANG_WARN_INFINITE_RECURSION = YES;
				CLANG_WARN_INT_CONVERSION = YES;
				CLANG_WARN_OBJC_ROOT_CLASS = YES_ERROR;
				CLANG_WARN_SUSPICIOUS_MOVE = YES;
				CLANG_WARN_SUSPICIOUS_MOVES = YES;
				CLANG_WARN_UNREACHABLE_CODE = YES;
				CLANG_WARN__DUPLICATE_METHOD_MATCH = YES;
				"CODE_SIGN_IDENTITY[sdk=iphoneos*]" = "iPhone Developer";
				COPY_PHASE_STRIP = NO;
				DEBUG_INFORMATION_FORMAT = dwarf;
				ENABLE_STRICT_OBJC_MSGSEND = YES;
				ENABLE_TESTABILITY = YES;
				GCC_C_LANGUAGE_STANDARD = gnu99;
				GCC_DYNAMIC_NO_PIC = NO;
				GCC_NO_COMMON_BLOCKS = YES;
				GCC_OPTIMIZATION_LEVEL = 0;
				GCC_PREPROCESSOR_DEFINITIONS = (
					"DEBUG=1",
					"$(inherited)",
				);
				GCC_WARN_64_TO_32_BIT_CONVERSION = YES;
				GCC_WARN_ABOUT_RETURN_TYPE = YES_ERROR;
				GCC_WARN_UNDECLARED_SELECTOR = YES;
				GCC_WARN_UNINITIALIZED_AUTOS = YES_AGGRESSIVE;
				GCC_WARN_UNUSED_FUNCTION = YES;
				GCC_WARN_UNUSED_VARIABLE = YES;
				IPHONEOS_DEPLOYMENT_TARGET = 10.0;
				MTL_ENABLE_DEBUG_INFO = YES;
				ONLY_ACTIVE_ARCH = YES;
				SDKROOT = iphoneos;
				SWIFT_ACTIVE_COMPILATION_CONDITIONS = DEBUG;
				SWIFT_OPTIMIZATION_LEVEL = "-Onone";
			};
			name = Debug;
		};
		12EADFA81DC3A9CC00183A69 /* Release */ = {
			isa = XCBuildConfiguration;
			buildSettings = {
				ALWAYS_SEARCH_USER_PATHS = NO;
				CLANG_ANALYZER_NONNULL = YES;
				CLANG_CXX_LANGUAGE_STANDARD = "gnu++0x";
				CLANG_CXX_LIBRARY = "libc++";
				CLANG_ENABLE_MODULES = YES;
				CLANG_ENABLE_OBJC_ARC = YES;
				CLANG_WARN_BOOL_CONVERSION = YES;
				CLANG_WARN_CONSTANT_CONVERSION = YES;
				CLANG_WARN_DIRECT_OBJC_ISA_USAGE = YES_ERROR;
				CLANG_WARN_DOCUMENTATION_COMMENTS = YES;
				CLANG_WARN_EMPTY_BODY = YES;
				CLANG_WARN_ENUM_CONVERSION = YES;
				CLANG_WARN_INFINITE_RECURSION = YES;
				CLANG_WARN_INT_CONVERSION = YES;
				CLANG_WARN_OBJC_ROOT_CLASS = YES_ERROR;
				CLANG_WARN_SUSPICIOUS_MOVE = YES;
				CLANG_WARN_SUSPICIOUS_MOVES = YES;
				CLANG_WARN_UNREACHABLE_CODE = YES;
				CLANG_WARN__DUPLICATE_METHOD_MATCH = YES;
				"CODE_SIGN_IDENTITY[sdk=iphoneos*]" = "iPhone Developer";
				COPY_PHASE_STRIP = NO;
				DEBUG_INFORMATION_FORMAT = "dwarf-with-dsym";
				ENABLE_NS_ASSERTIONS = NO;
				ENABLE_STRICT_OBJC_MSGSEND = YES;
				GCC_C_LANGUAGE_STANDARD = gnu99;
				GCC_NO_COMMON_BLOCKS = YES;
				GCC_WARN_64_TO_32_BIT_CONVERSION = YES;
				GCC_WARN_ABOUT_RETURN_TYPE = YES_ERROR;
				GCC_WARN_UNDECLARED_SELECTOR = YES;
				GCC_WARN_UNINITIALIZED_AUTOS = YES_AGGRESSIVE;
				GCC_WARN_UNUSED_FUNCTION = YES;
				GCC_WARN_UNUSED_VARIABLE = YES;
				IPHONEOS_DEPLOYMENT_TARGET = 10.0;
				MTL_ENABLE_DEBUG_INFO = NO;
				SDKROOT = iphoneos;
				SWIFT_OPTIMIZATION_LEVEL = "-Owholemodule";
				VALIDATE_PRODUCT = YES;
			};
			name = Release;
		};
		12EADFAA1DC3A9CC00183A69 /* Debug */ = {
			isa = XCBuildConfiguration;
			baseConfigurationReference = DD50AFE91C3D08BB6B251B55 /* Pods-pokedex.debug.xcconfig */;
			buildSettings = {
				ALWAYS_EMBED_SWIFT_STANDARD_LIBRARIES = YES;
				ASSETCATALOG_COMPILER_APPICON_NAME = AppIcon;
				DEVELOPMENT_TEAM = 54DAHYNVB6;
				INFOPLIST_FILE = pokedex/Info.plist;
				LD_RUNPATH_SEARCH_PATHS = "$(inherited) @executable_path/Frameworks";
				PRODUCT_BUNDLE_IDENTIFIER = com.brunnogoncalves.pokedex;
				PRODUCT_NAME = "$(TARGET_NAME)";
				SWIFT_VERSION = 3.0;
			};
			name = Debug;
		};
		12EADFAB1DC3A9CC00183A69 /* Release */ = {
			isa = XCBuildConfiguration;
			baseConfigurationReference = A653F505B4F98DCECC42360C /* Pods-pokedex.release.xcconfig */;
			buildSettings = {
				ALWAYS_EMBED_SWIFT_STANDARD_LIBRARIES = YES;
				ASSETCATALOG_COMPILER_APPICON_NAME = AppIcon;
				DEVELOPMENT_TEAM = 54DAHYNVB6;
				INFOPLIST_FILE = pokedex/Info.plist;
				LD_RUNPATH_SEARCH_PATHS = "$(inherited) @executable_path/Frameworks";
				PRODUCT_BUNDLE_IDENTIFIER = com.brunnogoncalves.pokedex;
				PRODUCT_NAME = "$(TARGET_NAME)";
				SWIFT_VERSION = 3.0;
			};
			name = Release;
		};
/* End XCBuildConfiguration section */

/* Begin XCConfigurationList section */
		12EADF921DC3A9CC00183A69 /* Build configuration list for PBXProject "pokedex" */ = {
			isa = XCConfigurationList;
			buildConfigurations = (
				12EADFA71DC3A9CC00183A69 /* Debug */,
				12EADFA81DC3A9CC00183A69 /* Release */,
			);
			defaultConfigurationIsVisible = 0;
			defaultConfigurationName = Release;
		};
		12EADFA91DC3A9CC00183A69 /* Build configuration list for PBXNativeTarget "pokedex" */ = {
			isa = XCConfigurationList;
			buildConfigurations = (
				12EADFAA1DC3A9CC00183A69 /* Debug */,
				12EADFAB1DC3A9CC00183A69 /* Release */,
			);
			defaultConfigurationIsVisible = 0;
			defaultConfigurationName = Release;
		};
/* End XCConfigurationList section */
	};
	rootObject = 12EADF8F1DC3A9CC00183A69 /* Project object */;
}
